// !$*UTF8*$!
{
	archiveVersion = 1;
	classes = {
	};
	objectVersion = 50;
	objects = {

/* Begin PBXBuildFile section */
		6806132026D4A4E700944E1E /* RefreshListViewTest.swift in Sources */ = {isa = PBXBuildFile; fileRef = 6806131F26D4A4E700944E1E /* RefreshListViewTest.swift */; };
		6806132226D4D22100944E1E /* WebLinkTestView.swift in Sources */ = {isa = PBXBuildFile; fileRef = 6806132126D4D22100944E1E /* WebLinkTestView.swift */; };
		6806132426D4D37700944E1E /* GeometryReaderTestView.swift in Sources */ = {isa = PBXBuildFile; fileRef = 6806132326D4D37700944E1E /* GeometryReaderTestView.swift */; };
		6806132626D4D8F700944E1E /* WebView+Safari.swift in Sources */ = {isa = PBXBuildFile; fileRef = 6806132526D4D8F700944E1E /* WebView+Safari.swift */; };
		6806132826D4DD8100944E1E /* WebView+WebKit.swift in Sources */ = {isa = PBXBuildFile; fileRef = 6806132726D4DD8100944E1E /* WebView+WebKit.swift */; };
		6806132A26D4EF4600944E1E /* AttributedStringTestView.swift in Sources */ = {isa = PBXBuildFile; fileRef = 6806132926D4EF4600944E1E /* AttributedStringTestView.swift */; };
		6806132C26D4F77200944E1E /* Alert+TextField.swift in Sources */ = {isa = PBXBuildFile; fileRef = 6806132B26D4F77200944E1E /* Alert+TextField.swift */; };
		6806132E26D4F92F00944E1E /* Alert+TextLink.swift in Sources */ = {isa = PBXBuildFile; fileRef = 6806132D26D4F92F00944E1E /* Alert+TextLink.swift */; };
		680BBBCA27231B4200E61763 /* PathTestView.swift in Sources */ = {isa = PBXBuildFile; fileRef = 680BBBC927231B4200E61763 /* PathTestView.swift */; };
		68147E90272E8FCE0036EF55 /* TextFieldTestView.swift in Sources */ = {isa = PBXBuildFile; fileRef = 68147E8F272E8FCE0036EF55 /* TextFieldTestView.swift */; };
		68149CDF2772165800CAEDA1 /* ColorExtension.swift in Sources */ = {isa = PBXBuildFile; fileRef = 68149CDE2772165800CAEDA1 /* ColorExtension.swift */; };
		68149CE127721FCE00CAEDA1 /* TabHeaderTestView.swift in Sources */ = {isa = PBXBuildFile; fileRef = 68149CE027721FCE00CAEDA1 /* TabHeaderTestView.swift */; };
		68149CE427722A2B00CAEDA1 /* SegmentPickerTestView.swift in Sources */ = {isa = PBXBuildFile; fileRef = 68149CE327722A2B00CAEDA1 /* SegmentPickerTestView.swift */; };
		6822CA3525FE5CE000120D13 /* SwiftUIDemoApp.swift in Sources */ = {isa = PBXBuildFile; fileRef = 6822CA3425FE5CE000120D13 /* SwiftUIDemoApp.swift */; };
		6822CA3725FE5CE000120D13 /* ContentView.swift in Sources */ = {isa = PBXBuildFile; fileRef = 6822CA3625FE5CE000120D13 /* ContentView.swift */; };
		6822CA3925FE5CE100120D13 /* Assets.xcassets in Resources */ = {isa = PBXBuildFile; fileRef = 6822CA3825FE5CE100120D13 /* Assets.xcassets */; };
		6822CA3C25FE5CE100120D13 /* Preview Assets.xcassets in Resources */ = {isa = PBXBuildFile; fileRef = 6822CA3B25FE5CE100120D13 /* Preview Assets.xcassets */; };
		6822CA4725FE5CE100120D13 /* SwiftUIDemoTests.swift in Sources */ = {isa = PBXBuildFile; fileRef = 6822CA4625FE5CE100120D13 /* SwiftUIDemoTests.swift */; };
		6822CA5225FE5CE100120D13 /* SwiftUIDemoUITests.swift in Sources */ = {isa = PBXBuildFile; fileRef = 6822CA5125FE5CE100120D13 /* SwiftUIDemoUITests.swift */; };
		6824633026EE5DC800F31B5F /* AttributedString+Extension.swift in Sources */ = {isa = PBXBuildFile; fileRef = 6824632F26EE5DC800F31B5F /* AttributedString+Extension.swift */; };
		6824633226EE647600F31B5F /* DateFormatterView.swift in Sources */ = {isa = PBXBuildFile; fileRef = 6824633126EE647600F31B5F /* DateFormatterView.swift */; };
		68321414276E5EC9003860CB /* SegmentPickerView.swift in Sources */ = {isa = PBXBuildFile; fileRef = 68321413276E5EC9003860CB /* SegmentPickerView.swift */; };
		68321416276E6B64003860CB /* TabHeaderView.swift in Sources */ = {isa = PBXBuildFile; fileRef = 68321415276E6B64003860CB /* TabHeaderView.swift */; };
		683678DF271B35FA005433B0 /* NavigationTestView.swift in Sources */ = {isa = PBXBuildFile; fileRef = 683678DE271B35FA005433B0 /* NavigationTestView.swift */; };
		683678E1271B4578005433B0 /* NavigationView+View.swift in Sources */ = {isa = PBXBuildFile; fileRef = 683678E0271B4578005433B0 /* NavigationView+View.swift */; };
		68372DE226B45AE2003B313A /* FontTestView.swift in Sources */ = {isa = PBXBuildFile; fileRef = 68372DE126B45AE2003B313A /* FontTestView.swift */; };
		68372DE426B45B0F003B313A /* FontWeightView.swift in Sources */ = {isa = PBXBuildFile; fileRef = 68372DE326B45B0F003B313A /* FontWeightView.swift */; };
		68372DE626B46053003B313A /* Text+ViewModifier.swift in Sources */ = {isa = PBXBuildFile; fileRef = 68372DE526B46053003B313A /* Text+ViewModifier.swift */; };
		68372DE826B4612D003B313A /* FontDesignView.swift in Sources */ = {isa = PBXBuildFile; fileRef = 68372DE726B4612D003B313A /* FontDesignView.swift */; };
		68372DEA26B46199003B313A /* FontTextStyle.swift in Sources */ = {isa = PBXBuildFile; fileRef = 68372DE926B46199003B313A /* FontTextStyle.swift */; };
		68372DFC26B4634B003B313A /* Roboto-Medium.ttf in Resources */ = {isa = PBXBuildFile; fileRef = 68372DEF26B4634B003B313A /* Roboto-Medium.ttf */; };
		68372DFD26B4634B003B313A /* Roboto-Light.ttf in Resources */ = {isa = PBXBuildFile; fileRef = 68372DF026B4634B003B313A /* Roboto-Light.ttf */; };
		68372DFE26B4634B003B313A /* Roboto-Regular.ttf in Resources */ = {isa = PBXBuildFile; fileRef = 68372DF126B4634B003B313A /* Roboto-Regular.ttf */; };
		68372DFF26B4634B003B313A /* Roboto-MediumItalic.ttf in Resources */ = {isa = PBXBuildFile; fileRef = 68372DF226B4634B003B313A /* Roboto-MediumItalic.ttf */; };
		68372E0026B4634B003B313A /* Roboto-ThinItalic.ttf in Resources */ = {isa = PBXBuildFile; fileRef = 68372DF326B4634B003B313A /* Roboto-ThinItalic.ttf */; };
		68372E0126B4634B003B313A /* Roboto-BoldItalic.ttf in Resources */ = {isa = PBXBuildFile; fileRef = 68372DF426B4634B003B313A /* Roboto-BoldItalic.ttf */; };
		68372E0226B4634B003B313A /* Roboto-LightItalic.ttf in Resources */ = {isa = PBXBuildFile; fileRef = 68372DF526B4634B003B313A /* Roboto-LightItalic.ttf */; };
		68372E0326B4634B003B313A /* Roboto-Italic.ttf in Resources */ = {isa = PBXBuildFile; fileRef = 68372DF626B4634B003B313A /* Roboto-Italic.ttf */; };
		68372E0426B4634B003B313A /* LICENSE.txt in Resources */ = {isa = PBXBuildFile; fileRef = 68372DF726B4634B003B313A /* LICENSE.txt */; };
		68372E0526B4634B003B313A /* Roboto-BlackItalic.ttf in Resources */ = {isa = PBXBuildFile; fileRef = 68372DF826B4634B003B313A /* Roboto-BlackItalic.ttf */; };
		68372E0626B4634B003B313A /* Roboto-Bold.ttf in Resources */ = {isa = PBXBuildFile; fileRef = 68372DF926B4634B003B313A /* Roboto-Bold.ttf */; };
		68372E0726B4634B003B313A /* Roboto-Thin.ttf in Resources */ = {isa = PBXBuildFile; fileRef = 68372DFA26B4634B003B313A /* Roboto-Thin.ttf */; };
		68372E0826B4634B003B313A /* Roboto-Black.ttf in Resources */ = {isa = PBXBuildFile; fileRef = 68372DFB26B4634B003B313A /* Roboto-Black.ttf */; };
		68372E1126B464EF003B313A /* NotoSansKR-Light.otf in Resources */ = {isa = PBXBuildFile; fileRef = 68372E0A26B464EF003B313A /* NotoSansKR-Light.otf */; };
		68372E1226B464EF003B313A /* NotoSansKR-Bold.otf in Resources */ = {isa = PBXBuildFile; fileRef = 68372E0B26B464EF003B313A /* NotoSansKR-Bold.otf */; };
		68372E1326B464EF003B313A /* NotoSansKR-Thin.otf in Resources */ = {isa = PBXBuildFile; fileRef = 68372E0C26B464EF003B313A /* NotoSansKR-Thin.otf */; };
		68372E1426B464EF003B313A /* OFL.txt in Resources */ = {isa = PBXBuildFile; fileRef = 68372E0D26B464EF003B313A /* OFL.txt */; };
		68372E1526B464EF003B313A /* NotoSansKR-Black.otf in Resources */ = {isa = PBXBuildFile; fileRef = 68372E0E26B464EF003B313A /* NotoSansKR-Black.otf */; };
		68372E1626B464EF003B313A /* NotoSansKR-Medium.otf in Resources */ = {isa = PBXBuildFile; fileRef = 68372E0F26B464EF003B313A /* NotoSansKR-Medium.otf */; };
		68372E1726B464EF003B313A /* NotoSansKR-Regular.otf in Resources */ = {isa = PBXBuildFile; fileRef = 68372E1026B464EF003B313A /* NotoSansKR-Regular.otf */; };
		68372E1926B469A3003B313A /* Font+Custom.swift in Sources */ = {isa = PBXBuildFile; fileRef = 68372E1826B469A3003B313A /* Font+Custom.swift */; };
		6837FC51274C05CC0076A14D /* JsonView.swift in Sources */ = {isa = PBXBuildFile; fileRef = 6837FC50274C05CC0076A14D /* JsonView.swift */; };
		6837FC53274C05F20076A14D /* JsonVIewModel.swift in Sources */ = {isa = PBXBuildFile; fileRef = 6837FC52274C05F20076A14D /* JsonVIewModel.swift */; };
		683ABFDB26B925A200779E5B /* AlertViewTextView.swift in Sources */ = {isa = PBXBuildFile; fileRef = 683ABFDA26B925A200779E5B /* AlertViewTextView.swift */; };
		683ABFDD26B9271000779E5B /* Alert+UIAlert.swift in Sources */ = {isa = PBXBuildFile; fileRef = 683ABFDC26B9271000779E5B /* Alert+UIAlert.swift */; };
		684A4D4B26FC892700BA61A0 /* BlurEffectView.swift in Sources */ = {isa = PBXBuildFile; fileRef = 684A4D4A26FC892700BA61A0 /* BlurEffectView.swift */; };
		684A4D4D26FC8F3600BA61A0 /* BottomSheetTestView.swift in Sources */ = {isa = PBXBuildFile; fileRef = 684A4D4C26FC8F3600BA61A0 /* BottomSheetTestView.swift */; };
		685FBA42298C61A80064F914 /* DataFlowTestView.swift in Sources */ = {isa = PBXBuildFile; fileRef = 685FBA41298C61A80064F914 /* DataFlowTestView.swift */; };
		686437C2297083B300FA4C31 /* CoreDataTest.xcdatamodeld in Sources */ = {isa = PBXBuildFile; fileRef = 686437C0297083B300FA4C31 /* CoreDataTest.xcdatamodeld */; };
		686437FF2970851300FA4C31 /* Persistence.swift in Sources */ = {isa = PBXBuildFile; fileRef = 686437FE2970851300FA4C31 /* Persistence.swift */; };
		686438012970852C00FA4C31 /* CoreDataTestView.swift in Sources */ = {isa = PBXBuildFile; fileRef = 686438002970852C00FA4C31 /* CoreDataTestView.swift */; };
		686D681B26F1F8B2008F36D5 /* ImageListView.swift in Sources */ = {isa = PBXBuildFile; fileRef = 686D681A26F1F8B2008F36D5 /* ImageListView.swift */; };
		686D681D26F1F8C4008F36D5 /* ImageListRowView.swift in Sources */ = {isa = PBXBuildFile; fileRef = 686D681C26F1F8C4008F36D5 /* ImageListRowView.swift */; };
		686D681F26F1F935008F36D5 /* ImageLoader.swift in Sources */ = {isa = PBXBuildFile; fileRef = 686D681E26F1F935008F36D5 /* ImageLoader.swift */; };
		686D682126F1FC82008F36D5 /* ShimmeringView.swift in Sources */ = {isa = PBXBuildFile; fileRef = 686D682026F1FC82008F36D5 /* ShimmeringView.swift */; };
		686D682326F1FF03008F36D5 /* ShimmerListView.swift in Sources */ = {isa = PBXBuildFile; fileRef = 686D682226F1FF03008F36D5 /* ShimmerListView.swift */; };
		686D682826F1FF81008F36D5 /* ShimmerListViewModel.swift in Sources */ = {isa = PBXBuildFile; fileRef = 686D682726F1FF81008F36D5 /* ShimmerListViewModel.swift */; };
		686D682A26F1FFE3008F36D5 /* ShimmerListEmptyView.swift in Sources */ = {isa = PBXBuildFile; fileRef = 686D682926F1FFE3008F36D5 /* ShimmerListEmptyView.swift */; };
		686D682C26F201E4008F36D5 /* ShimmerListContentsView.swift in Sources */ = {isa = PBXBuildFile; fileRef = 686D682B26F201E4008F36D5 /* ShimmerListContentsView.swift */; };
		686D682E26F2266B008F36D5 /* AsyncContentsList.swift in Sources */ = {isa = PBXBuildFile; fileRef = 686D682D26F2266B008F36D5 /* AsyncContentsList.swift */; };
		686D683026F229FE008F36D5 /* UserInfo.json in Resources */ = {isa = PBXBuildFile; fileRef = 686D682F26F229FE008F36D5 /* UserInfo.json */; };
		686D683326F2357A008F36D5 /* EnvironmentValues+ImageCache.swift in Sources */ = {isa = PBXBuildFile; fileRef = 686D683226F2357A008F36D5 /* EnvironmentValues+ImageCache.swift */; };
		686D683526F23B2F008F36D5 /* CachedImageListView.swift in Sources */ = {isa = PBXBuildFile; fileRef = 686D683426F23B2F008F36D5 /* CachedImageListView.swift */; };
		686D683726F23B61008F36D5 /* CachedImageListRowView.swift in Sources */ = {isa = PBXBuildFile; fileRef = 686D683626F23B61008F36D5 /* CachedImageListRowView.swift */; };
		686D683C26F23D1D008F36D5 /* URLCacheImageListView.swift in Sources */ = {isa = PBXBuildFile; fileRef = 686D683B26F23D1D008F36D5 /* URLCacheImageListView.swift */; };
		686D683E26F23D2B008F36D5 /* URLCacheImageListRowView.swift in Sources */ = {isa = PBXBuildFile; fileRef = 686D683D26F23D2B008F36D5 /* URLCacheImageListRowView.swift */; };
		686D684126F23F8A008F36D5 /* CombineListView.swift in Sources */ = {isa = PBXBuildFile; fileRef = 686D684026F23F8A008F36D5 /* CombineListView.swift */; };
		686D684326F23F95008F36D5 /* CombineListRowView.swift in Sources */ = {isa = PBXBuildFile; fileRef = 686D684226F23F95008F36D5 /* CombineListRowView.swift */; };
		686D684526F24001008F36D5 /* CombineImageLoader.swift in Sources */ = {isa = PBXBuildFile; fileRef = 686D684426F24001008F36D5 /* CombineImageLoader.swift */; };
		6874036926CF9A8500C44AB4 /* EffectView.swift in Sources */ = {isa = PBXBuildFile; fileRef = 6874036826CF9A8500C44AB4 /* EffectView.swift */; };
		6874036B26CF9A9C00C44AB4 /* RoundedCorner.swift in Sources */ = {isa = PBXBuildFile; fileRef = 6874036A26CF9A9C00C44AB4 /* RoundedCorner.swift */; };
		6874036D26CF9ABA00C44AB4 /* BottomSheet.swift in Sources */ = {isa = PBXBuildFile; fileRef = 6874036C26CF9ABA00C44AB4 /* BottomSheet.swift */; };
		6874036F26CF9AD000C44AB4 /* BottomSheetPosition.swift in Sources */ = {isa = PBXBuildFile; fileRef = 6874036E26CF9AD000C44AB4 /* BottomSheetPosition.swift */; };
		6874037126CF9AE200C44AB4 /* BottomSheetView.swift in Sources */ = {isa = PBXBuildFile; fileRef = 6874037026CF9AE200C44AB4 /* BottomSheetView.swift */; };
		6874037326CF9B0100C44AB4 /* BottomSheet+View.swift in Sources */ = {isa = PBXBuildFile; fileRef = 6874037226CF9B0100C44AB4 /* BottomSheet+View.swift */; };
		6874037626CF9DC300C44AB4 /* BottomSheetTestView1.swift in Sources */ = {isa = PBXBuildFile; fileRef = 6874037526CF9DC300C44AB4 /* BottomSheetTestView1.swift */; };
		6874037826CFA03200C44AB4 /* BottomSheetTestView2.swift in Sources */ = {isa = PBXBuildFile; fileRef = 6874037726CFA03200C44AB4 /* BottomSheetTestView2.swift */; };
		6874037A26CFA05B00C44AB4 /* BottomSheetTestView3.swift in Sources */ = {isa = PBXBuildFile; fileRef = 6874037926CFA05B00C44AB4 /* BottomSheetTestView3.swift */; };
		6874866B278CA69400DCAFEF /* ContainerView.swift in Sources */ = {isa = PBXBuildFile; fileRef = 6874866A278CA69400DCAFEF /* ContainerView.swift */; };
		6874866D278CA6D100DCAFEF /* CarouselView.swift in Sources */ = {isa = PBXBuildFile; fileRef = 6874866C278CA6D100DCAFEF /* CarouselView.swift */; };
		68748670278CA83700DCAFEF /* OptionalViewBuilerTestView.swift in Sources */ = {isa = PBXBuildFile; fileRef = 6874866F278CA83700DCAFEF /* OptionalViewBuilerTestView.swift */; };
		68864AA2278218D30063A2A1 /* ScrollViewTestView.swift in Sources */ = {isa = PBXBuildFile; fileRef = 68864AA1278218D30063A2A1 /* ScrollViewTestView.swift */; };
		6890DE5726AF0D510047449C /* ListViewTestView.swift in Sources */ = {isa = PBXBuildFile; fileRef = 6890DE5626AF0D510047449C /* ListViewTestView.swift */; };
		68A84C1F298F4029008909C7 /* DataFlowTest2View.swift in Sources */ = {isa = PBXBuildFile; fileRef = 68A84C1E298F4029008909C7 /* DataFlowTest2View.swift */; };
		68A84C21298F4045008909C7 /* DataFlowViewModel.swift in Sources */ = {isa = PBXBuildFile; fileRef = 68A84C20298F4045008909C7 /* DataFlowViewModel.swift */; };
		68ACF9D326AB341400929157 /* ViewModifierView.swift in Sources */ = {isa = PBXBuildFile; fileRef = 68ACF9D226AB341400929157 /* ViewModifierView.swift */; };
		68B31A18278C652000551CDF /* ViewBuilderTestView.swift in Sources */ = {isa = PBXBuildFile; fileRef = 68B31A17278C652000551CDF /* ViewBuilderTestView.swift */; };
		68B8CCF82958B434004ECB8E /* PinchView.swift in Sources */ = {isa = PBXBuildFile; fileRef = 68B8CCF72958B434004ECB8E /* PinchView.swift */; };
		68B8CCFA2958B453004ECB8E /* PinchViewController.swift in Sources */ = {isa = PBXBuildFile; fileRef = 68B8CCF92958B453004ECB8E /* PinchViewController.swift */; };
		68B8CCFC2958B46D004ECB8E /* PinchZoomTestView.swift in Sources */ = {isa = PBXBuildFile; fileRef = 68B8CCFB2958B46D004ECB8E /* PinchZoomTestView.swift */; };
		68C26F27277B4D35006DCA4F /* NavigationSearchControllerView.swift in Sources */ = {isa = PBXBuildFile; fileRef = 68C26F26277B4D35006DCA4F /* NavigationSearchControllerView.swift */; };
		68C26F29277B52C2006DCA4F /* SearchNavigationTestView.swift in Sources */ = {isa = PBXBuildFile; fileRef = 68C26F28277B52C2006DCA4F /* SearchNavigationTestView.swift */; };
		68D4435F2773ACE3008E60E4 /* NavigationSearchTestView.swift in Sources */ = {isa = PBXBuildFile; fileRef = 68D4435E2773ACE3008E60E4 /* NavigationSearchTestView.swift */; };
		68F7D331273AB8C40058BF98 /* NavigationTabView.swift in Sources */ = {isa = PBXBuildFile; fileRef = 68F7D330273AB8C40058BF98 /* NavigationTabView.swift */; };
		68F7D334273ABAC90058BF98 /* NavigationLinkTestView.swift in Sources */ = {isa = PBXBuildFile; fileRef = 68F7D333273ABAC90058BF98 /* NavigationLinkTestView.swift */; };
		68F7D336273ABF000058BF98 /* NavigationHiddenView.swift in Sources */ = {isa = PBXBuildFile; fileRef = 68F7D335273ABF000058BF98 /* NavigationHiddenView.swift */; };
		68F7D338273AC27F0058BF98 /* NavigationToolbarView.swift in Sources */ = {isa = PBXBuildFile; fileRef = 68F7D337273AC27F0058BF98 /* NavigationToolbarView.swift */; };
		68F7E07827C3D881000E1E02 /* LayoutTestView.swift in Sources */ = {isa = PBXBuildFile; fileRef = 68F7E07727C3D881000E1E02 /* LayoutTestView.swift */; };
		68FF7C2B26E10E2400ED28E6 /* CombineTestView.swift in Sources */ = {isa = PBXBuildFile; fileRef = 68FF7C2A26E10E2400ED28E6 /* CombineTestView.swift */; };
		68FF7C2D26E10E2D00ED28E6 /* CombineViewModel.swift in Sources */ = {isa = PBXBuildFile; fileRef = 68FF7C2C26E10E2D00ED28E6 /* CombineViewModel.swift */; };
/* End PBXBuildFile section */

/* Begin PBXContainerItemProxy section */
		6822CA4325FE5CE100120D13 /* PBXContainerItemProxy */ = {
			isa = PBXContainerItemProxy;
			containerPortal = 6822CA2925FE5CE000120D13 /* Project object */;
			proxyType = 1;
			remoteGlobalIDString = 6822CA3025FE5CE000120D13;
			remoteInfo = SwiftUIDemo;
		};
		6822CA4E25FE5CE100120D13 /* PBXContainerItemProxy */ = {
			isa = PBXContainerItemProxy;
			containerPortal = 6822CA2925FE5CE000120D13 /* Project object */;
			proxyType = 1;
			remoteGlobalIDString = 6822CA3025FE5CE000120D13;
			remoteInfo = SwiftUIDemo;
		};
/* End PBXContainerItemProxy section */

/* Begin PBXFileReference section */
		6806131F26D4A4E700944E1E /* RefreshListViewTest.swift */ = {isa = PBXFileReference; lastKnownFileType = sourcecode.swift; path = RefreshListViewTest.swift; sourceTree = "<group>"; };
		6806132126D4D22100944E1E /* WebLinkTestView.swift */ = {isa = PBXFileReference; lastKnownFileType = sourcecode.swift; path = WebLinkTestView.swift; sourceTree = "<group>"; };
		6806132326D4D37700944E1E /* GeometryReaderTestView.swift */ = {isa = PBXFileReference; lastKnownFileType = sourcecode.swift; path = GeometryReaderTestView.swift; sourceTree = "<group>"; };
		6806132526D4D8F700944E1E /* WebView+Safari.swift */ = {isa = PBXFileReference; lastKnownFileType = sourcecode.swift; path = "WebView+Safari.swift"; sourceTree = "<group>"; };
		6806132726D4DD8100944E1E /* WebView+WebKit.swift */ = {isa = PBXFileReference; lastKnownFileType = sourcecode.swift; path = "WebView+WebKit.swift"; sourceTree = "<group>"; };
		6806132926D4EF4600944E1E /* AttributedStringTestView.swift */ = {isa = PBXFileReference; lastKnownFileType = sourcecode.swift; path = AttributedStringTestView.swift; sourceTree = "<group>"; };
		6806132B26D4F77200944E1E /* Alert+TextField.swift */ = {isa = PBXFileReference; lastKnownFileType = sourcecode.swift; path = "Alert+TextField.swift"; sourceTree = "<group>"; };
		6806132D26D4F92F00944E1E /* Alert+TextLink.swift */ = {isa = PBXFileReference; lastKnownFileType = sourcecode.swift; path = "Alert+TextLink.swift"; sourceTree = "<group>"; };
		680BBBC927231B4200E61763 /* PathTestView.swift */ = {isa = PBXFileReference; lastKnownFileType = sourcecode.swift; path = PathTestView.swift; sourceTree = "<group>"; };
		68147E8F272E8FCE0036EF55 /* TextFieldTestView.swift */ = {isa = PBXFileReference; lastKnownFileType = sourcecode.swift; path = TextFieldTestView.swift; sourceTree = "<group>"; };
		68149CDE2772165800CAEDA1 /* ColorExtension.swift */ = {isa = PBXFileReference; lastKnownFileType = sourcecode.swift; path = ColorExtension.swift; sourceTree = "<group>"; };
		68149CE027721FCE00CAEDA1 /* TabHeaderTestView.swift */ = {isa = PBXFileReference; lastKnownFileType = sourcecode.swift; path = TabHeaderTestView.swift; sourceTree = "<group>"; };
		68149CE327722A2B00CAEDA1 /* SegmentPickerTestView.swift */ = {isa = PBXFileReference; lastKnownFileType = sourcecode.swift; path = SegmentPickerTestView.swift; sourceTree = "<group>"; };
		6822CA3125FE5CE000120D13 /* SwiftUIDemo.app */ = {isa = PBXFileReference; explicitFileType = wrapper.application; includeInIndex = 0; path = SwiftUIDemo.app; sourceTree = BUILT_PRODUCTS_DIR; };
		6822CA3425FE5CE000120D13 /* SwiftUIDemoApp.swift */ = {isa = PBXFileReference; lastKnownFileType = sourcecode.swift; path = SwiftUIDemoApp.swift; sourceTree = "<group>"; };
		6822CA3625FE5CE000120D13 /* ContentView.swift */ = {isa = PBXFileReference; lastKnownFileType = sourcecode.swift; path = ContentView.swift; sourceTree = "<group>"; };
		6822CA3825FE5CE100120D13 /* Assets.xcassets */ = {isa = PBXFileReference; lastKnownFileType = folder.assetcatalog; path = Assets.xcassets; sourceTree = "<group>"; };
		6822CA3B25FE5CE100120D13 /* Preview Assets.xcassets */ = {isa = PBXFileReference; lastKnownFileType = folder.assetcatalog; path = "Preview Assets.xcassets"; sourceTree = "<group>"; };
		6822CA3D25FE5CE100120D13 /* Info.plist */ = {isa = PBXFileReference; lastKnownFileType = text.plist.xml; path = Info.plist; sourceTree = "<group>"; };
		6822CA4225FE5CE100120D13 /* SwiftUIDemoTests.xctest */ = {isa = PBXFileReference; explicitFileType = wrapper.cfbundle; includeInIndex = 0; path = SwiftUIDemoTests.xctest; sourceTree = BUILT_PRODUCTS_DIR; };
		6822CA4625FE5CE100120D13 /* SwiftUIDemoTests.swift */ = {isa = PBXFileReference; lastKnownFileType = sourcecode.swift; path = SwiftUIDemoTests.swift; sourceTree = "<group>"; };
		6822CA4825FE5CE100120D13 /* Info.plist */ = {isa = PBXFileReference; lastKnownFileType = text.plist.xml; path = Info.plist; sourceTree = "<group>"; };
		6822CA4D25FE5CE100120D13 /* SwiftUIDemoUITests.xctest */ = {isa = PBXFileReference; explicitFileType = wrapper.cfbundle; includeInIndex = 0; path = SwiftUIDemoUITests.xctest; sourceTree = BUILT_PRODUCTS_DIR; };
		6822CA5125FE5CE100120D13 /* SwiftUIDemoUITests.swift */ = {isa = PBXFileReference; lastKnownFileType = sourcecode.swift; path = SwiftUIDemoUITests.swift; sourceTree = "<group>"; };
		6822CA5325FE5CE100120D13 /* Info.plist */ = {isa = PBXFileReference; lastKnownFileType = text.plist.xml; path = Info.plist; sourceTree = "<group>"; };
		6824632F26EE5DC800F31B5F /* AttributedString+Extension.swift */ = {isa = PBXFileReference; lastKnownFileType = sourcecode.swift; path = "AttributedString+Extension.swift"; sourceTree = "<group>"; };
		6824633126EE647600F31B5F /* DateFormatterView.swift */ = {isa = PBXFileReference; lastKnownFileType = sourcecode.swift; path = DateFormatterView.swift; sourceTree = "<group>"; };
		68321413276E5EC9003860CB /* SegmentPickerView.swift */ = {isa = PBXFileReference; lastKnownFileType = sourcecode.swift; path = SegmentPickerView.swift; sourceTree = "<group>"; };
		68321415276E6B64003860CB /* TabHeaderView.swift */ = {isa = PBXFileReference; lastKnownFileType = sourcecode.swift; path = TabHeaderView.swift; sourceTree = "<group>"; };
		683678DE271B35FA005433B0 /* NavigationTestView.swift */ = {isa = PBXFileReference; lastKnownFileType = sourcecode.swift; path = NavigationTestView.swift; sourceTree = "<group>"; };
		683678E0271B4578005433B0 /* NavigationView+View.swift */ = {isa = PBXFileReference; lastKnownFileType = sourcecode.swift; path = "NavigationView+View.swift"; sourceTree = "<group>"; };
		68372DE126B45AE2003B313A /* FontTestView.swift */ = {isa = PBXFileReference; lastKnownFileType = sourcecode.swift; path = FontTestView.swift; sourceTree = "<group>"; };
		68372DE326B45B0F003B313A /* FontWeightView.swift */ = {isa = PBXFileReference; lastKnownFileType = sourcecode.swift; path = FontWeightView.swift; sourceTree = "<group>"; };
		68372DE526B46053003B313A /* Text+ViewModifier.swift */ = {isa = PBXFileReference; lastKnownFileType = sourcecode.swift; path = "Text+ViewModifier.swift"; sourceTree = "<group>"; };
		68372DE726B4612D003B313A /* FontDesignView.swift */ = {isa = PBXFileReference; lastKnownFileType = sourcecode.swift; path = FontDesignView.swift; sourceTree = "<group>"; };
		68372DE926B46199003B313A /* FontTextStyle.swift */ = {isa = PBXFileReference; lastKnownFileType = sourcecode.swift; path = FontTextStyle.swift; sourceTree = "<group>"; };
		68372DEF26B4634B003B313A /* Roboto-Medium.ttf */ = {isa = PBXFileReference; lastKnownFileType = file; path = "Roboto-Medium.ttf"; sourceTree = "<group>"; };
		68372DF026B4634B003B313A /* Roboto-Light.ttf */ = {isa = PBXFileReference; lastKnownFileType = file; path = "Roboto-Light.ttf"; sourceTree = "<group>"; };
		68372DF126B4634B003B313A /* Roboto-Regular.ttf */ = {isa = PBXFileReference; lastKnownFileType = file; path = "Roboto-Regular.ttf"; sourceTree = "<group>"; };
		68372DF226B4634B003B313A /* Roboto-MediumItalic.ttf */ = {isa = PBXFileReference; lastKnownFileType = file; path = "Roboto-MediumItalic.ttf"; sourceTree = "<group>"; };
		68372DF326B4634B003B313A /* Roboto-ThinItalic.ttf */ = {isa = PBXFileReference; lastKnownFileType = file; path = "Roboto-ThinItalic.ttf"; sourceTree = "<group>"; };
		68372DF426B4634B003B313A /* Roboto-BoldItalic.ttf */ = {isa = PBXFileReference; lastKnownFileType = file; path = "Roboto-BoldItalic.ttf"; sourceTree = "<group>"; };
		68372DF526B4634B003B313A /* Roboto-LightItalic.ttf */ = {isa = PBXFileReference; lastKnownFileType = file; path = "Roboto-LightItalic.ttf"; sourceTree = "<group>"; };
		68372DF626B4634B003B313A /* Roboto-Italic.ttf */ = {isa = PBXFileReference; lastKnownFileType = file; path = "Roboto-Italic.ttf"; sourceTree = "<group>"; };
		68372DF726B4634B003B313A /* LICENSE.txt */ = {isa = PBXFileReference; fileEncoding = 4; lastKnownFileType = text; path = LICENSE.txt; sourceTree = "<group>"; };
		68372DF826B4634B003B313A /* Roboto-BlackItalic.ttf */ = {isa = PBXFileReference; lastKnownFileType = file; path = "Roboto-BlackItalic.ttf"; sourceTree = "<group>"; };
		68372DF926B4634B003B313A /* Roboto-Bold.ttf */ = {isa = PBXFileReference; lastKnownFileType = file; path = "Roboto-Bold.ttf"; sourceTree = "<group>"; };
		68372DFA26B4634B003B313A /* Roboto-Thin.ttf */ = {isa = PBXFileReference; lastKnownFileType = file; path = "Roboto-Thin.ttf"; sourceTree = "<group>"; };
		68372DFB26B4634B003B313A /* Roboto-Black.ttf */ = {isa = PBXFileReference; lastKnownFileType = file; path = "Roboto-Black.ttf"; sourceTree = "<group>"; };
		68372E0A26B464EF003B313A /* NotoSansKR-Light.otf */ = {isa = PBXFileReference; lastKnownFileType = file; path = "NotoSansKR-Light.otf"; sourceTree = "<group>"; };
		68372E0B26B464EF003B313A /* NotoSansKR-Bold.otf */ = {isa = PBXFileReference; lastKnownFileType = file; path = "NotoSansKR-Bold.otf"; sourceTree = "<group>"; };
		68372E0C26B464EF003B313A /* NotoSansKR-Thin.otf */ = {isa = PBXFileReference; lastKnownFileType = file; path = "NotoSansKR-Thin.otf"; sourceTree = "<group>"; };
		68372E0D26B464EF003B313A /* OFL.txt */ = {isa = PBXFileReference; fileEncoding = 4; lastKnownFileType = text; path = OFL.txt; sourceTree = "<group>"; };
		68372E0E26B464EF003B313A /* NotoSansKR-Black.otf */ = {isa = PBXFileReference; lastKnownFileType = file; path = "NotoSansKR-Black.otf"; sourceTree = "<group>"; };
		68372E0F26B464EF003B313A /* NotoSansKR-Medium.otf */ = {isa = PBXFileReference; lastKnownFileType = file; path = "NotoSansKR-Medium.otf"; sourceTree = "<group>"; };
		68372E1026B464EF003B313A /* NotoSansKR-Regular.otf */ = {isa = PBXFileReference; lastKnownFileType = file; path = "NotoSansKR-Regular.otf"; sourceTree = "<group>"; };
		68372E1826B469A3003B313A /* Font+Custom.swift */ = {isa = PBXFileReference; lastKnownFileType = sourcecode.swift; path = "Font+Custom.swift"; sourceTree = "<group>"; };
		6837FC50274C05CC0076A14D /* JsonView.swift */ = {isa = PBXFileReference; lastKnownFileType = sourcecode.swift; path = JsonView.swift; sourceTree = "<group>"; };
		6837FC52274C05F20076A14D /* JsonVIewModel.swift */ = {isa = PBXFileReference; lastKnownFileType = sourcecode.swift; path = JsonVIewModel.swift; sourceTree = "<group>"; };
		683ABFDA26B925A200779E5B /* AlertViewTextView.swift */ = {isa = PBXFileReference; lastKnownFileType = sourcecode.swift; path = AlertViewTextView.swift; sourceTree = "<group>"; };
		683ABFDC26B9271000779E5B /* Alert+UIAlert.swift */ = {isa = PBXFileReference; lastKnownFileType = sourcecode.swift; path = "Alert+UIAlert.swift"; sourceTree = "<group>"; };
		684A4D4A26FC892700BA61A0 /* BlurEffectView.swift */ = {isa = PBXFileReference; lastKnownFileType = sourcecode.swift; path = BlurEffectView.swift; sourceTree = "<group>"; };
		684A4D4C26FC8F3600BA61A0 /* BottomSheetTestView.swift */ = {isa = PBXFileReference; lastKnownFileType = sourcecode.swift; path = BottomSheetTestView.swift; sourceTree = "<group>"; };
		685FBA41298C61A80064F914 /* DataFlowTestView.swift */ = {isa = PBXFileReference; lastKnownFileType = sourcecode.swift; path = DataFlowTestView.swift; sourceTree = "<group>"; };
		686437C1297083B300FA4C31 /* CoreDataTest.xcdatamodel */ = {isa = PBXFileReference; lastKnownFileType = wrapper.xcdatamodel; path = CoreDataTest.xcdatamodel; sourceTree = "<group>"; };
		686437FE2970851300FA4C31 /* Persistence.swift */ = {isa = PBXFileReference; lastKnownFileType = sourcecode.swift; path = Persistence.swift; sourceTree = "<group>"; };
		686438002970852C00FA4C31 /* CoreDataTestView.swift */ = {isa = PBXFileReference; lastKnownFileType = sourcecode.swift; path = CoreDataTestView.swift; sourceTree = "<group>"; };
		686D681A26F1F8B2008F36D5 /* ImageListView.swift */ = {isa = PBXFileReference; lastKnownFileType = sourcecode.swift; path = ImageListView.swift; sourceTree = "<group>"; };
		686D681C26F1F8C4008F36D5 /* ImageListRowView.swift */ = {isa = PBXFileReference; lastKnownFileType = sourcecode.swift; path = ImageListRowView.swift; sourceTree = "<group>"; };
		686D681E26F1F935008F36D5 /* ImageLoader.swift */ = {isa = PBXFileReference; lastKnownFileType = sourcecode.swift; path = ImageLoader.swift; sourceTree = "<group>"; };
		686D682026F1FC82008F36D5 /* ShimmeringView.swift */ = {isa = PBXFileReference; lastKnownFileType = sourcecode.swift; path = ShimmeringView.swift; sourceTree = "<group>"; };
		686D682226F1FF03008F36D5 /* ShimmerListView.swift */ = {isa = PBXFileReference; lastKnownFileType = sourcecode.swift; path = ShimmerListView.swift; sourceTree = "<group>"; };
		686D682726F1FF81008F36D5 /* ShimmerListViewModel.swift */ = {isa = PBXFileReference; lastKnownFileType = sourcecode.swift; path = ShimmerListViewModel.swift; sourceTree = "<group>"; };
		686D682926F1FFE3008F36D5 /* ShimmerListEmptyView.swift */ = {isa = PBXFileReference; lastKnownFileType = sourcecode.swift; path = ShimmerListEmptyView.swift; sourceTree = "<group>"; };
		686D682B26F201E4008F36D5 /* ShimmerListContentsView.swift */ = {isa = PBXFileReference; lastKnownFileType = sourcecode.swift; path = ShimmerListContentsView.swift; sourceTree = "<group>"; };
		686D682D26F2266B008F36D5 /* AsyncContentsList.swift */ = {isa = PBXFileReference; lastKnownFileType = sourcecode.swift; path = AsyncContentsList.swift; sourceTree = "<group>"; };
		686D682F26F229FE008F36D5 /* UserInfo.json */ = {isa = PBXFileReference; lastKnownFileType = text.json; path = UserInfo.json; sourceTree = "<group>"; };
		686D683226F2357A008F36D5 /* EnvironmentValues+ImageCache.swift */ = {isa = PBXFileReference; lastKnownFileType = sourcecode.swift; path = "EnvironmentValues+ImageCache.swift"; sourceTree = "<group>"; };
		686D683426F23B2F008F36D5 /* CachedImageListView.swift */ = {isa = PBXFileReference; lastKnownFileType = sourcecode.swift; path = CachedImageListView.swift; sourceTree = "<group>"; };
		686D683626F23B61008F36D5 /* CachedImageListRowView.swift */ = {isa = PBXFileReference; lastKnownFileType = sourcecode.swift; path = CachedImageListRowView.swift; sourceTree = "<group>"; };
		686D683B26F23D1D008F36D5 /* URLCacheImageListView.swift */ = {isa = PBXFileReference; lastKnownFileType = sourcecode.swift; path = URLCacheImageListView.swift; sourceTree = "<group>"; };
		686D683D26F23D2B008F36D5 /* URLCacheImageListRowView.swift */ = {isa = PBXFileReference; lastKnownFileType = sourcecode.swift; path = URLCacheImageListRowView.swift; sourceTree = "<group>"; };
		686D684026F23F8A008F36D5 /* CombineListView.swift */ = {isa = PBXFileReference; lastKnownFileType = sourcecode.swift; path = CombineListView.swift; sourceTree = "<group>"; };
		686D684226F23F95008F36D5 /* CombineListRowView.swift */ = {isa = PBXFileReference; lastKnownFileType = sourcecode.swift; path = CombineListRowView.swift; sourceTree = "<group>"; };
		686D684426F24001008F36D5 /* CombineImageLoader.swift */ = {isa = PBXFileReference; lastKnownFileType = sourcecode.swift; path = CombineImageLoader.swift; sourceTree = "<group>"; };
		6874036826CF9A8500C44AB4 /* EffectView.swift */ = {isa = PBXFileReference; lastKnownFileType = sourcecode.swift; path = EffectView.swift; sourceTree = "<group>"; };
		6874036A26CF9A9C00C44AB4 /* RoundedCorner.swift */ = {isa = PBXFileReference; lastKnownFileType = sourcecode.swift; path = RoundedCorner.swift; sourceTree = "<group>"; };
		6874036C26CF9ABA00C44AB4 /* BottomSheet.swift */ = {isa = PBXFileReference; lastKnownFileType = sourcecode.swift; path = BottomSheet.swift; sourceTree = "<group>"; };
		6874036E26CF9AD000C44AB4 /* BottomSheetPosition.swift */ = {isa = PBXFileReference; lastKnownFileType = sourcecode.swift; path = BottomSheetPosition.swift; sourceTree = "<group>"; };
		6874037026CF9AE200C44AB4 /* BottomSheetView.swift */ = {isa = PBXFileReference; lastKnownFileType = sourcecode.swift; path = BottomSheetView.swift; sourceTree = "<group>"; };
		6874037226CF9B0100C44AB4 /* BottomSheet+View.swift */ = {isa = PBXFileReference; lastKnownFileType = sourcecode.swift; path = "BottomSheet+View.swift"; sourceTree = "<group>"; };
		6874037526CF9DC300C44AB4 /* BottomSheetTestView1.swift */ = {isa = PBXFileReference; lastKnownFileType = sourcecode.swift; path = BottomSheetTestView1.swift; sourceTree = "<group>"; };
		6874037726CFA03200C44AB4 /* BottomSheetTestView2.swift */ = {isa = PBXFileReference; lastKnownFileType = sourcecode.swift; path = BottomSheetTestView2.swift; sourceTree = "<group>"; };
		6874037926CFA05B00C44AB4 /* BottomSheetTestView3.swift */ = {isa = PBXFileReference; lastKnownFileType = sourcecode.swift; path = BottomSheetTestView3.swift; sourceTree = "<group>"; };
		6874866A278CA69400DCAFEF /* ContainerView.swift */ = {isa = PBXFileReference; lastKnownFileType = sourcecode.swift; path = ContainerView.swift; sourceTree = "<group>"; };
		6874866C278CA6D100DCAFEF /* CarouselView.swift */ = {isa = PBXFileReference; lastKnownFileType = sourcecode.swift; path = CarouselView.swift; sourceTree = "<group>"; };
		6874866F278CA83700DCAFEF /* OptionalViewBuilerTestView.swift */ = {isa = PBXFileReference; lastKnownFileType = sourcecode.swift; path = OptionalViewBuilerTestView.swift; sourceTree = "<group>"; };
		68864AA1278218D30063A2A1 /* ScrollViewTestView.swift */ = {isa = PBXFileReference; lastKnownFileType = sourcecode.swift; path = ScrollViewTestView.swift; sourceTree = "<group>"; };
		6890DE5626AF0D510047449C /* ListViewTestView.swift */ = {isa = PBXFileReference; lastKnownFileType = sourcecode.swift; path = ListViewTestView.swift; sourceTree = "<group>"; };
		68A84C1E298F4029008909C7 /* DataFlowTest2View.swift */ = {isa = PBXFileReference; lastKnownFileType = sourcecode.swift; path = DataFlowTest2View.swift; sourceTree = "<group>"; };
		68A84C20298F4045008909C7 /* DataFlowViewModel.swift */ = {isa = PBXFileReference; lastKnownFileType = sourcecode.swift; path = DataFlowViewModel.swift; sourceTree = "<group>"; };
		68ACF9D226AB341400929157 /* ViewModifierView.swift */ = {isa = PBXFileReference; lastKnownFileType = sourcecode.swift; path = ViewModifierView.swift; sourceTree = "<group>"; };
		68B31A17278C652000551CDF /* ViewBuilderTestView.swift */ = {isa = PBXFileReference; lastKnownFileType = sourcecode.swift; path = ViewBuilderTestView.swift; sourceTree = "<group>"; };
		68B8CCF72958B434004ECB8E /* PinchView.swift */ = {isa = PBXFileReference; lastKnownFileType = sourcecode.swift; path = PinchView.swift; sourceTree = "<group>"; };
		68B8CCF92958B453004ECB8E /* PinchViewController.swift */ = {isa = PBXFileReference; lastKnownFileType = sourcecode.swift; path = PinchViewController.swift; sourceTree = "<group>"; };
		68B8CCFB2958B46D004ECB8E /* PinchZoomTestView.swift */ = {isa = PBXFileReference; lastKnownFileType = sourcecode.swift; path = PinchZoomTestView.swift; sourceTree = "<group>"; };
		68C26F26277B4D35006DCA4F /* NavigationSearchControllerView.swift */ = {isa = PBXFileReference; lastKnownFileType = sourcecode.swift; path = NavigationSearchControllerView.swift; sourceTree = "<group>"; };
		68C26F28277B52C2006DCA4F /* SearchNavigationTestView.swift */ = {isa = PBXFileReference; lastKnownFileType = sourcecode.swift; path = SearchNavigationTestView.swift; sourceTree = "<group>"; };
		68D4435E2773ACE3008E60E4 /* NavigationSearchTestView.swift */ = {isa = PBXFileReference; lastKnownFileType = sourcecode.swift; path = NavigationSearchTestView.swift; sourceTree = "<group>"; };
		68F7D330273AB8C40058BF98 /* NavigationTabView.swift */ = {isa = PBXFileReference; lastKnownFileType = sourcecode.swift; path = NavigationTabView.swift; sourceTree = "<group>"; };
		68F7D333273ABAC90058BF98 /* NavigationLinkTestView.swift */ = {isa = PBXFileReference; lastKnownFileType = sourcecode.swift; path = NavigationLinkTestView.swift; sourceTree = "<group>"; };
		68F7D335273ABF000058BF98 /* NavigationHiddenView.swift */ = {isa = PBXFileReference; lastKnownFileType = sourcecode.swift; path = NavigationHiddenView.swift; sourceTree = "<group>"; };
		68F7D337273AC27F0058BF98 /* NavigationToolbarView.swift */ = {isa = PBXFileReference; lastKnownFileType = sourcecode.swift; path = NavigationToolbarView.swift; sourceTree = "<group>"; };
		68F7E07727C3D881000E1E02 /* LayoutTestView.swift */ = {isa = PBXFileReference; lastKnownFileType = sourcecode.swift; path = LayoutTestView.swift; sourceTree = "<group>"; };
		68FF7C2A26E10E2400ED28E6 /* CombineTestView.swift */ = {isa = PBXFileReference; lastKnownFileType = sourcecode.swift; path = CombineTestView.swift; sourceTree = "<group>"; };
		68FF7C2C26E10E2D00ED28E6 /* CombineViewModel.swift */ = {isa = PBXFileReference; lastKnownFileType = sourcecode.swift; path = CombineViewModel.swift; sourceTree = "<group>"; };
/* End PBXFileReference section */

/* Begin PBXFrameworksBuildPhase section */
		6822CA2E25FE5CE000120D13 /* Frameworks */ = {
			isa = PBXFrameworksBuildPhase;
			buildActionMask = 2147483647;
			files = (
			);
			runOnlyForDeploymentPostprocessing = 0;
		};
		6822CA3F25FE5CE100120D13 /* Frameworks */ = {
			isa = PBXFrameworksBuildPhase;
			buildActionMask = 2147483647;
			files = (
			);
			runOnlyForDeploymentPostprocessing = 0;
		};
		6822CA4A25FE5CE100120D13 /* Frameworks */ = {
			isa = PBXFrameworksBuildPhase;
			buildActionMask = 2147483647;
			files = (
			);
			runOnlyForDeploymentPostprocessing = 0;
		};
/* End PBXFrameworksBuildPhase section */

/* Begin PBXGroup section */
		68149CE2277223A700CAEDA1 /* TabViewTest */ = {
			isa = PBXGroup;
			children = (
				68321415276E6B64003860CB /* TabHeaderView.swift */,
				68149CE027721FCE00CAEDA1 /* TabHeaderTestView.swift */,
			);
			path = TabViewTest;
			sourceTree = "<group>";
		};
		68149CE527722AB300CAEDA1 /* PickerViewTest */ = {
			isa = PBXGroup;
			children = (
				68321413276E5EC9003860CB /* SegmentPickerView.swift */,
				68149CE327722A2B00CAEDA1 /* SegmentPickerTestView.swift */,
			);
			path = PickerViewTest;
			sourceTree = "<group>";
		};
		6822CA2825FE5CE000120D13 = {
			isa = PBXGroup;
			children = (
				686437C0297083B300FA4C31 /* CoreDataTest.xcdatamodeld */,
				6822CA3325FE5CE000120D13 /* SwiftUIDemo */,
				6822CA4525FE5CE100120D13 /* SwiftUIDemoTests */,
				6822CA5025FE5CE100120D13 /* SwiftUIDemoUITests */,
				6822CA3225FE5CE000120D13 /* Products */,
			);
			sourceTree = "<group>";
		};
		6822CA3225FE5CE000120D13 /* Products */ = {
			isa = PBXGroup;
			children = (
				6822CA3125FE5CE000120D13 /* SwiftUIDemo.app */,
				6822CA4225FE5CE100120D13 /* SwiftUIDemoTests.xctest */,
				6822CA4D25FE5CE100120D13 /* SwiftUIDemoUITests.xctest */,
			);
			name = Products;
			sourceTree = "<group>";
		};
		6822CA3325FE5CE000120D13 /* SwiftUIDemo */ = {
			isa = PBXGroup;
			children = (
				68372DEB26B462F9003B313A /* Fonts */,
				6822CA3425FE5CE000120D13 /* SwiftUIDemoApp.swift */,
				6822CA3825FE5CE100120D13 /* Assets.xcassets */,
				6822CA3D25FE5CE100120D13 /* Info.plist */,
				6822CA3A25FE5CE100120D13 /* Preview Content */,
				68372E1A26B4750F003B313A /* Views */,
				68372E1B26B4751F003B313A /* Util */,
				686D682F26F229FE008F36D5 /* UserInfo.json */,
			);
			path = SwiftUIDemo;
			sourceTree = "<group>";
		};
		6822CA3A25FE5CE100120D13 /* Preview Content */ = {
			isa = PBXGroup;
			children = (
				6822CA3B25FE5CE100120D13 /* Preview Assets.xcassets */,
			);
			path = "Preview Content";
			sourceTree = "<group>";
		};
		6822CA4525FE5CE100120D13 /* SwiftUIDemoTests */ = {
			isa = PBXGroup;
			children = (
				6822CA4625FE5CE100120D13 /* SwiftUIDemoTests.swift */,
				6822CA4825FE5CE100120D13 /* Info.plist */,
			);
			path = SwiftUIDemoTests;
			sourceTree = "<group>";
		};
		6822CA5025FE5CE100120D13 /* SwiftUIDemoUITests */ = {
			isa = PBXGroup;
			children = (
				6822CA5125FE5CE100120D13 /* SwiftUIDemoUITests.swift */,
				6822CA5325FE5CE100120D13 /* Info.plist */,
			);
			path = SwiftUIDemoUITests;
			sourceTree = "<group>";
		};
		6824632B26EE381D00F31B5F /* AlertTest */ = {
			isa = PBXGroup;
			children = (
				683ABFDA26B925A200779E5B /* AlertViewTextView.swift */,
			);
			path = AlertTest;
			sourceTree = "<group>";
		};
		6824632C26EE388000F31B5F /* WebLinkTest */ = {
			isa = PBXGroup;
			children = (
				6806132126D4D22100944E1E /* WebLinkTestView.swift */,
			);
			path = WebLinkTest;
			sourceTree = "<group>";
		};
		6824632D26EE5B3B00F31B5F /* Alerts */ = {
			isa = PBXGroup;
			children = (
				683ABFDC26B9271000779E5B /* Alert+UIAlert.swift */,
				6806132D26D4F92F00944E1E /* Alert+TextLink.swift */,
				6806132B26D4F77200944E1E /* Alert+TextField.swift */,
			);
			path = Alerts;
			sourceTree = "<group>";
		};
		6824632E26EE5B4B00F31B5F /* WebView */ = {
			isa = PBXGroup;
			children = (
				6806132526D4D8F700944E1E /* WebView+Safari.swift */,
				6806132726D4DD8100944E1E /* WebView+WebKit.swift */,
			);
			path = WebView;
			sourceTree = "<group>";
		};
		6827FEE82712016C005D5839 /* BottomSheetViewTest */ = {
			isa = PBXGroup;
			children = (
				684A4D4C26FC8F3600BA61A0 /* BottomSheetTestView.swift */,
				6874037526CF9DC300C44AB4 /* BottomSheetTestView1.swift */,
				6874037726CFA03200C44AB4 /* BottomSheetTestView2.swift */,
				6874037926CFA05B00C44AB4 /* BottomSheetTestView3.swift */,
			);
			path = BottomSheetViewTest;
			sourceTree = "<group>";
		};
		68372DEB26B462F9003B313A /* Fonts */ = {
			isa = PBXGroup;
			children = (
				68372E0926B464EF003B313A /* Noto_Sans_KR */,
				68372DEE26B4634B003B313A /* Roboto */,
			);
			path = Fonts;
			sourceTree = "<group>";
		};
		68372DEE26B4634B003B313A /* Roboto */ = {
			isa = PBXGroup;
			children = (
				68372DF726B4634B003B313A /* LICENSE.txt */,
				68372DEF26B4634B003B313A /* Roboto-Medium.ttf */,
				68372DF026B4634B003B313A /* Roboto-Light.ttf */,
				68372DF126B4634B003B313A /* Roboto-Regular.ttf */,
				68372DF226B4634B003B313A /* Roboto-MediumItalic.ttf */,
				68372DF326B4634B003B313A /* Roboto-ThinItalic.ttf */,
				68372DF426B4634B003B313A /* Roboto-BoldItalic.ttf */,
				68372DF526B4634B003B313A /* Roboto-LightItalic.ttf */,
				68372DF626B4634B003B313A /* Roboto-Italic.ttf */,
				68372DF826B4634B003B313A /* Roboto-BlackItalic.ttf */,
				68372DF926B4634B003B313A /* Roboto-Bold.ttf */,
				68372DFA26B4634B003B313A /* Roboto-Thin.ttf */,
				68372DFB26B4634B003B313A /* Roboto-Black.ttf */,
			);
			path = Roboto;
			sourceTree = "<group>";
		};
		68372E0926B464EF003B313A /* Noto_Sans_KR */ = {
			isa = PBXGroup;
			children = (
				68372E0D26B464EF003B313A /* OFL.txt */,
				68372E0A26B464EF003B313A /* NotoSansKR-Light.otf */,
				68372E0B26B464EF003B313A /* NotoSansKR-Bold.otf */,
				68372E0C26B464EF003B313A /* NotoSansKR-Thin.otf */,
				68372E0E26B464EF003B313A /* NotoSansKR-Black.otf */,
				68372E0F26B464EF003B313A /* NotoSansKR-Medium.otf */,
				68372E1026B464EF003B313A /* NotoSansKR-Regular.otf */,
			);
			path = Noto_Sans_KR;
			sourceTree = "<group>";
		};
		68372E1A26B4750F003B313A /* Views */ = {
			isa = PBXGroup;
			children = (
				6822CA3625FE5CE000120D13 /* ContentView.swift */,
				6806132926D4EF4600944E1E /* AttributedStringTestView.swift */,
				6806132326D4D37700944E1E /* GeometryReaderTestView.swift */,
				68ACF9D226AB341400929157 /* ViewModifierView.swift */,
				6824632C26EE388000F31B5F /* WebLinkTest */,
				6824632B26EE381D00F31B5F /* AlertTest */,
				68A5F5DF26E79E1200ED019A /* FontTest */,
				68FF7C2A26E10E2400ED28E6 /* CombineTestView.swift */,
				68FF7C2C26E10E2D00ED28E6 /* CombineViewModel.swift */,
				6824633126EE647600F31B5F /* DateFormatterView.swift */,
				686D682426F1FF13008F36D5 /* VisualEffect */,
				686D683126F23108008F36D5 /* ListViewTest */,
				6827FEE82712016C005D5839 /* BottomSheetViewTest */,
				68F7D332273AB8CB0058BF98 /* NavigationViewTest */,
				68C26F25277B3AE0006DCA4F /* NavigationSearchTest */,
				680BBBC927231B4200E61763 /* PathTestView.swift */,
				68147E8F272E8FCE0036EF55 /* TextFieldTestView.swift */,
				6837FC54274C05F70076A14D /* JsonTest */,
				68149CE527722AB300CAEDA1 /* PickerViewTest */,
				68149CE2277223A700CAEDA1 /* TabViewTest */,
				68B8CCF62958B15A004ECB8E /* ScrollTest */,
				6874866E278CA7F900DCAFEF /* ViewBuilderTest */,
				68BF86DB27E2A36400119D93 /* LayoutTest */,
				68B8CCFD2958B599004ECB8E /* ZoomTest */,
				68D610E82972F82F00275E11 /* CoreDataTest */,
				685FBA43298C61AE0064F914 /* DataFlowTest */,
			);
			path = Views;
			sourceTree = "<group>";
		};
		68372E1B26B4751F003B313A /* Util */ = {
			isa = PBXGroup;
			children = (
				686D684726F24283008F36D5 /* ImageLoaders */,
				68372DE526B46053003B313A /* Text+ViewModifier.swift */,
				68372E1826B469A3003B313A /* Font+Custom.swift */,
				6824632D26EE5B3B00F31B5F /* Alerts */,
				6874037426CF9B2200C44AB4 /* BottomSheet */,
				6824632E26EE5B4B00F31B5F /* WebView */,
				6824632F26EE5DC800F31B5F /* AttributedString+Extension.swift */,
				686D684826F2434F008F36D5 /* Cache */,
				683678E0271B4578005433B0 /* NavigationView+View.swift */,
				68149CDE2772165800CAEDA1 /* ColorExtension.swift */,
			);
			path = Util;
			sourceTree = "<group>";
		};
		6837FC54274C05F70076A14D /* JsonTest */ = {
			isa = PBXGroup;
			children = (
				6837FC50274C05CC0076A14D /* JsonView.swift */,
				6837FC52274C05F20076A14D /* JsonVIewModel.swift */,
			);
			path = JsonTest;
			sourceTree = "<group>";
		};
		685FBA43298C61AE0064F914 /* DataFlowTest */ = {
			isa = PBXGroup;
			children = (
				68A84C20298F4045008909C7 /* DataFlowViewModel.swift */,
				685FBA41298C61A80064F914 /* DataFlowTestView.swift */,
				68A84C1E298F4029008909C7 /* DataFlowTest2View.swift */,
			);
			path = DataFlowTest;
			sourceTree = "<group>";
		};
		686D682426F1FF13008F36D5 /* VisualEffect */ = {
			isa = PBXGroup;
			children = (
				686D682026F1FC82008F36D5 /* ShimmeringView.swift */,
				684A4D4A26FC892700BA61A0 /* BlurEffectView.swift */,
			);
			path = VisualEffect;
			sourceTree = "<group>";
		};
		686D683126F23108008F36D5 /* ListViewTest */ = {
			isa = PBXGroup;
			children = (
				6890DE5626AF0D510047449C /* ListViewTestView.swift */,
				6806131F26D4A4E700944E1E /* RefreshListViewTest.swift */,
				686D682D26F2266B008F36D5 /* AsyncContentsList.swift */,
				686D683926F23CFD008F36D5 /* ImageList */,
				686D683A26F23D07008F36D5 /* CacheImageList */,
				686D683F26F23F1B008F36D5 /* URLCacheImageList */,
				686D683826F23CDD008F36D5 /* ShimmerList */,
				686D684626F2426F008F36D5 /* CombineList */,
			);
			path = ListViewTest;
			sourceTree = "<group>";
		};
		686D683826F23CDD008F36D5 /* ShimmerList */ = {
			isa = PBXGroup;
			children = (
				686D682226F1FF03008F36D5 /* ShimmerListView.swift */,
				686D682B26F201E4008F36D5 /* ShimmerListContentsView.swift */,
				686D682926F1FFE3008F36D5 /* ShimmerListEmptyView.swift */,
				686D682726F1FF81008F36D5 /* ShimmerListViewModel.swift */,
			);
			path = ShimmerList;
			sourceTree = "<group>";
		};
		686D683926F23CFD008F36D5 /* ImageList */ = {
			isa = PBXGroup;
			children = (
				686D681A26F1F8B2008F36D5 /* ImageListView.swift */,
				686D681C26F1F8C4008F36D5 /* ImageListRowView.swift */,
			);
			path = ImageList;
			sourceTree = "<group>";
		};
		686D683A26F23D07008F36D5 /* CacheImageList */ = {
			isa = PBXGroup;
			children = (
				686D683426F23B2F008F36D5 /* CachedImageListView.swift */,
				686D683626F23B61008F36D5 /* CachedImageListRowView.swift */,
			);
			path = CacheImageList;
			sourceTree = "<group>";
		};
		686D683F26F23F1B008F36D5 /* URLCacheImageList */ = {
			isa = PBXGroup;
			children = (
				686D683B26F23D1D008F36D5 /* URLCacheImageListView.swift */,
				686D683D26F23D2B008F36D5 /* URLCacheImageListRowView.swift */,
			);
			path = URLCacheImageList;
			sourceTree = "<group>";
		};
		686D684626F2426F008F36D5 /* CombineList */ = {
			isa = PBXGroup;
			children = (
				686D684026F23F8A008F36D5 /* CombineListView.swift */,
				686D684226F23F95008F36D5 /* CombineListRowView.swift */,
			);
			path = CombineList;
			sourceTree = "<group>";
		};
		686D684726F24283008F36D5 /* ImageLoaders */ = {
			isa = PBXGroup;
			children = (
				686D681E26F1F935008F36D5 /* ImageLoader.swift */,
				686D684426F24001008F36D5 /* CombineImageLoader.swift */,
			);
			path = ImageLoaders;
			sourceTree = "<group>";
		};
		686D684826F2434F008F36D5 /* Cache */ = {
			isa = PBXGroup;
			children = (
				686D683226F2357A008F36D5 /* EnvironmentValues+ImageCache.swift */,
			);
			path = Cache;
			sourceTree = "<group>";
		};
		6874037426CF9B2200C44AB4 /* BottomSheet */ = {
			isa = PBXGroup;
			children = (
				6874036826CF9A8500C44AB4 /* EffectView.swift */,
				6874036A26CF9A9C00C44AB4 /* RoundedCorner.swift */,
				6874036C26CF9ABA00C44AB4 /* BottomSheet.swift */,
				6874036E26CF9AD000C44AB4 /* BottomSheetPosition.swift */,
				6874037026CF9AE200C44AB4 /* BottomSheetView.swift */,
				6874037226CF9B0100C44AB4 /* BottomSheet+View.swift */,
			);
			path = BottomSheet;
			sourceTree = "<group>";
		};
		6874866E278CA7F900DCAFEF /* ViewBuilderTest */ = {
			isa = PBXGroup;
			children = (
				68B31A17278C652000551CDF /* ViewBuilderTestView.swift */,
				6874866F278CA83700DCAFEF /* OptionalViewBuilerTestView.swift */,
				6874866C278CA6D100DCAFEF /* CarouselView.swift */,
				6874866A278CA69400DCAFEF /* ContainerView.swift */,
			);
			path = ViewBuilderTest;
			sourceTree = "<group>";
		};
		68A5F5DF26E79E1200ED019A /* FontTest */ = {
			isa = PBXGroup;
			children = (
				68372DE126B45AE2003B313A /* FontTestView.swift */,
				68372DE326B45B0F003B313A /* FontWeightView.swift */,
				68372DE726B4612D003B313A /* FontDesignView.swift */,
				68372DE926B46199003B313A /* FontTextStyle.swift */,
			);
			path = FontTest;
			sourceTree = "<group>";
		};
		68B8CCF62958B15A004ECB8E /* ScrollTest */ = {
			isa = PBXGroup;
			children = (
				68864AA1278218D30063A2A1 /* ScrollViewTestView.swift */,
			);
			path = ScrollTest;
			sourceTree = "<group>";
		};
		68B8CCFD2958B599004ECB8E /* ZoomTest */ = {
			isa = PBXGroup;
			children = (
				68B8CCFB2958B46D004ECB8E /* PinchZoomTestView.swift */,
				68B8CCF72958B434004ECB8E /* PinchView.swift */,
				68B8CCF92958B453004ECB8E /* PinchViewController.swift */,
			);
			path = ZoomTest;
			sourceTree = "<group>";
		};
		68BF86DB27E2A36400119D93 /* LayoutTest */ = {
			isa = PBXGroup;
			children = (
				68F7E07727C3D881000E1E02 /* LayoutTestView.swift */,
			);
			path = LayoutTest;
			sourceTree = "<group>";
		};
		68C26F25277B3AE0006DCA4F /* NavigationSearchTest */ = {
			isa = PBXGroup;
			children = (
				68D4435E2773ACE3008E60E4 /* NavigationSearchTestView.swift */,
				68C26F26277B4D35006DCA4F /* NavigationSearchControllerView.swift */,
				68C26F28277B52C2006DCA4F /* SearchNavigationTestView.swift */,
			);
			path = NavigationSearchTest;
			sourceTree = "<group>";
		};
		68D610E82972F82F00275E11 /* CoreDataTest */ = {
			isa = PBXGroup;
			children = (
				686437FE2970851300FA4C31 /* Persistence.swift */,
				686438002970852C00FA4C31 /* CoreDataTestView.swift */,
			);
			path = CoreDataTest;
			sourceTree = "<group>";
		};
		68F7D332273AB8CB0058BF98 /* NavigationViewTest */ = {
			isa = PBXGroup;
			children = (
				683678DE271B35FA005433B0 /* NavigationTestView.swift */,
				68F7D333273ABAC90058BF98 /* NavigationLinkTestView.swift */,
				68F7D335273ABF000058BF98 /* NavigationHiddenView.swift */,
				68F7D337273AC27F0058BF98 /* NavigationToolbarView.swift */,
				68F7D330273AB8C40058BF98 /* NavigationTabView.swift */,
			);
			path = NavigationViewTest;
			sourceTree = "<group>";
		};
/* End PBXGroup section */

/* Begin PBXNativeTarget section */
		6822CA3025FE5CE000120D13 /* SwiftUIDemo */ = {
			isa = PBXNativeTarget;
			buildConfigurationList = 6822CA5625FE5CE100120D13 /* Build configuration list for PBXNativeTarget "SwiftUIDemo" */;
			buildPhases = (
				6822CA2D25FE5CE000120D13 /* Sources */,
				6822CA2E25FE5CE000120D13 /* Frameworks */,
				6822CA2F25FE5CE000120D13 /* Resources */,
			);
			buildRules = (
			);
			dependencies = (
			);
			name = SwiftUIDemo;
			productName = SwiftUIDemo;
			productReference = 6822CA3125FE5CE000120D13 /* SwiftUIDemo.app */;
			productType = "com.apple.product-type.application";
		};
		6822CA4125FE5CE100120D13 /* SwiftUIDemoTests */ = {
			isa = PBXNativeTarget;
			buildConfigurationList = 6822CA5925FE5CE100120D13 /* Build configuration list for PBXNativeTarget "SwiftUIDemoTests" */;
			buildPhases = (
				6822CA3E25FE5CE100120D13 /* Sources */,
				6822CA3F25FE5CE100120D13 /* Frameworks */,
				6822CA4025FE5CE100120D13 /* Resources */,
			);
			buildRules = (
			);
			dependencies = (
				6822CA4425FE5CE100120D13 /* PBXTargetDependency */,
			);
			name = SwiftUIDemoTests;
			productName = SwiftUIDemoTests;
			productReference = 6822CA4225FE5CE100120D13 /* SwiftUIDemoTests.xctest */;
			productType = "com.apple.product-type.bundle.unit-test";
		};
		6822CA4C25FE5CE100120D13 /* SwiftUIDemoUITests */ = {
			isa = PBXNativeTarget;
			buildConfigurationList = 6822CA5C25FE5CE100120D13 /* Build configuration list for PBXNativeTarget "SwiftUIDemoUITests" */;
			buildPhases = (
				6822CA4925FE5CE100120D13 /* Sources */,
				6822CA4A25FE5CE100120D13 /* Frameworks */,
				6822CA4B25FE5CE100120D13 /* Resources */,
			);
			buildRules = (
			);
			dependencies = (
				6822CA4F25FE5CE100120D13 /* PBXTargetDependency */,
			);
			name = SwiftUIDemoUITests;
			productName = SwiftUIDemoUITests;
			productReference = 6822CA4D25FE5CE100120D13 /* SwiftUIDemoUITests.xctest */;
			productType = "com.apple.product-type.bundle.ui-testing";
		};
/* End PBXNativeTarget section */

/* Begin PBXProject section */
		6822CA2925FE5CE000120D13 /* Project object */ = {
			isa = PBXProject;
			attributes = {
				LastSwiftUpdateCheck = 1240;
				LastUpgradeCheck = 1240;
				TargetAttributes = {
					6822CA3025FE5CE000120D13 = {
						CreatedOnToolsVersion = 12.4;
					};
					6822CA4125FE5CE100120D13 = {
						CreatedOnToolsVersion = 12.4;
						TestTargetID = 6822CA3025FE5CE000120D13;
					};
					6822CA4C25FE5CE100120D13 = {
						CreatedOnToolsVersion = 12.4;
						TestTargetID = 6822CA3025FE5CE000120D13;
					};
				};
			};
			buildConfigurationList = 6822CA2C25FE5CE000120D13 /* Build configuration list for PBXProject "SwiftUIDemo" */;
			compatibilityVersion = "Xcode 9.3";
			developmentRegion = en;
			hasScannedForEncodings = 0;
			knownRegions = (
				en,
				Base,
			);
			mainGroup = 6822CA2825FE5CE000120D13;
			productRefGroup = 6822CA3225FE5CE000120D13 /* Products */;
			projectDirPath = "";
			projectRoot = "";
			targets = (
				6822CA3025FE5CE000120D13 /* SwiftUIDemo */,
				6822CA4125FE5CE100120D13 /* SwiftUIDemoTests */,
				6822CA4C25FE5CE100120D13 /* SwiftUIDemoUITests */,
			);
		};
/* End PBXProject section */

/* Begin PBXResourcesBuildPhase section */
		6822CA2F25FE5CE000120D13 /* Resources */ = {
			isa = PBXResourcesBuildPhase;
			buildActionMask = 2147483647;
			files = (
				68372E1726B464EF003B313A /* NotoSansKR-Regular.otf in Resources */,
				68372E1326B464EF003B313A /* NotoSansKR-Thin.otf in Resources */,
				68372E0726B4634B003B313A /* Roboto-Thin.ttf in Resources */,
				68372E0426B4634B003B313A /* LICENSE.txt in Resources */,
				68372E1526B464EF003B313A /* NotoSansKR-Black.otf in Resources */,
				68372E1126B464EF003B313A /* NotoSansKR-Light.otf in Resources */,
				68372E0826B4634B003B313A /* Roboto-Black.ttf in Resources */,
				68372E0626B4634B003B313A /* Roboto-Bold.ttf in Resources */,
				6822CA3C25FE5CE100120D13 /* Preview Assets.xcassets in Resources */,
				6822CA3925FE5CE100120D13 /* Assets.xcassets in Resources */,
				68372E1626B464EF003B313A /* NotoSansKR-Medium.otf in Resources */,
				68372E0126B4634B003B313A /* Roboto-BoldItalic.ttf in Resources */,
				686D683026F229FE008F36D5 /* UserInfo.json in Resources */,
				68372E1426B464EF003B313A /* OFL.txt in Resources */,
				68372DFE26B4634B003B313A /* Roboto-Regular.ttf in Resources */,
				68372E0026B4634B003B313A /* Roboto-ThinItalic.ttf in Resources */,
				68372E0226B4634B003B313A /* Roboto-LightItalic.ttf in Resources */,
				68372E0526B4634B003B313A /* Roboto-BlackItalic.ttf in Resources */,
				68372DFD26B4634B003B313A /* Roboto-Light.ttf in Resources */,
				68372E0326B4634B003B313A /* Roboto-Italic.ttf in Resources */,
				68372DFF26B4634B003B313A /* Roboto-MediumItalic.ttf in Resources */,
				68372E1226B464EF003B313A /* NotoSansKR-Bold.otf in Resources */,
				68372DFC26B4634B003B313A /* Roboto-Medium.ttf in Resources */,
			);
			runOnlyForDeploymentPostprocessing = 0;
		};
		6822CA4025FE5CE100120D13 /* Resources */ = {
			isa = PBXResourcesBuildPhase;
			buildActionMask = 2147483647;
			files = (
			);
			runOnlyForDeploymentPostprocessing = 0;
		};
		6822CA4B25FE5CE100120D13 /* Resources */ = {
			isa = PBXResourcesBuildPhase;
			buildActionMask = 2147483647;
			files = (
			);
			runOnlyForDeploymentPostprocessing = 0;
		};
/* End PBXResourcesBuildPhase section */

/* Begin PBXSourcesBuildPhase section */
		6822CA2D25FE5CE000120D13 /* Sources */ = {
			isa = PBXSourcesBuildPhase;
			buildActionMask = 2147483647;
			files = (
				68F7E07827C3D881000E1E02 /* LayoutTestView.swift in Sources */,
				6822CA3725FE5CE000120D13 /* ContentView.swift in Sources */,
				686D683726F23B61008F36D5 /* CachedImageListRowView.swift in Sources */,
				68864AA2278218D30063A2A1 /* ScrollViewTestView.swift in Sources */,
				686437C2297083B300FA4C31 /* CoreDataTest.xcdatamodeld in Sources */,
				686438012970852C00FA4C31 /* CoreDataTestView.swift in Sources */,
				6806132426D4D37700944E1E /* GeometryReaderTestView.swift in Sources */,
				6874036D26CF9ABA00C44AB4 /* BottomSheet.swift in Sources */,
				68C26F29277B52C2006DCA4F /* SearchNavigationTestView.swift in Sources */,
				68A84C1F298F4029008909C7 /* DataFlowTest2View.swift in Sources */,
				6806132E26D4F92F00944E1E /* Alert+TextLink.swift in Sources */,
				686D683326F2357A008F36D5 /* EnvironmentValues+ImageCache.swift in Sources */,
				680BBBCA27231B4200E61763 /* PathTestView.swift in Sources */,
				686D684326F23F95008F36D5 /* CombineListRowView.swift in Sources */,
				686D681B26F1F8B2008F36D5 /* ImageListView.swift in Sources */,
				68C26F27277B4D35006DCA4F /* NavigationSearchControllerView.swift in Sources */,
				68149CE127721FCE00CAEDA1 /* TabHeaderTestView.swift in Sources */,
				68D4435F2773ACE3008E60E4 /* NavigationSearchTestView.swift in Sources */,
				68B8CCF82958B434004ECB8E /* PinchView.swift in Sources */,
				686D683C26F23D1D008F36D5 /* URLCacheImageListView.swift in Sources */,
				68372DE426B45B0F003B313A /* FontWeightView.swift in Sources */,
				686D684526F24001008F36D5 /* CombineImageLoader.swift in Sources */,
				6874037326CF9B0100C44AB4 /* BottomSheet+View.swift in Sources */,
				68F7D336273ABF000058BF98 /* NavigationHiddenView.swift in Sources */,
				6822CA3525FE5CE000120D13 /* SwiftUIDemoApp.swift in Sources */,
				683ABFDD26B9271000779E5B /* Alert+UIAlert.swift in Sources */,
				6824633226EE647600F31B5F /* DateFormatterView.swift in Sources */,
				686D682826F1FF81008F36D5 /* ShimmerListViewModel.swift in Sources */,
				68321414276E5EC9003860CB /* SegmentPickerView.swift in Sources */,
				6806132A26D4EF4600944E1E /* AttributedStringTestView.swift in Sources */,
				68372DEA26B46199003B313A /* FontTextStyle.swift in Sources */,
				6806132226D4D22100944E1E /* WebLinkTestView.swift in Sources */,
				686D683526F23B2F008F36D5 /* CachedImageListView.swift in Sources */,
				68FF7C2D26E10E2D00ED28E6 /* CombineViewModel.swift in Sources */,
				68372DE826B4612D003B313A /* FontDesignView.swift in Sources */,
				6824633026EE5DC800F31B5F /* AttributedString+Extension.swift in Sources */,
				686D683E26F23D2B008F36D5 /* URLCacheImageListRowView.swift in Sources */,
				6874866B278CA69400DCAFEF /* ContainerView.swift in Sources */,
				686437FF2970851300FA4C31 /* Persistence.swift in Sources */,
				6874037626CF9DC300C44AB4 /* BottomSheetTestView1.swift in Sources */,
				68B31A18278C652000551CDF /* ViewBuilderTestView.swift in Sources */,
				684A4D4B26FC892700BA61A0 /* BlurEffectView.swift in Sources */,
				686D681D26F1F8C4008F36D5 /* ImageListRowView.swift in Sources */,
				686D682A26F1FFE3008F36D5 /* ShimmerListEmptyView.swift in Sources */,
				68B8CCFC2958B46D004ECB8E /* PinchZoomTestView.swift in Sources */,
				68A84C21298F4045008909C7 /* DataFlowViewModel.swift in Sources */,
				68F7D331273AB8C40058BF98 /* NavigationTabView.swift in Sources */,
				686D682C26F201E4008F36D5 /* ShimmerListContentsView.swift in Sources */,
				686D682E26F2266B008F36D5 /* AsyncContentsList.swift in Sources */,
				68F7D338273AC27F0058BF98 /* NavigationToolbarView.swift in Sources */,
				6874036F26CF9AD000C44AB4 /* BottomSheetPosition.swift in Sources */,
				686D682326F1FF03008F36D5 /* ShimmerListView.swift in Sources */,
				6874036B26CF9A9C00C44AB4 /* RoundedCorner.swift in Sources */,
				68B8CCFA2958B453004ECB8E /* PinchViewController.swift in Sources */,
				686D684126F23F8A008F36D5 /* CombineListView.swift in Sources */,
				683678DF271B35FA005433B0 /* NavigationTestView.swift in Sources */,
				6874037A26CFA05B00C44AB4 /* BottomSheetTestView3.swift in Sources */,
				68321416276E6B64003860CB /* TabHeaderView.swift in Sources */,
				68748670278CA83700DCAFEF /* OptionalViewBuilerTestView.swift in Sources */,
				6874037826CFA03200C44AB4 /* BottomSheetTestView2.swift in Sources */,
				6874036926CF9A8500C44AB4 /* EffectView.swift in Sources */,
				68372DE626B46053003B313A /* Text+ViewModifier.swift in Sources */,
				68147E90272E8FCE0036EF55 /* TextFieldTestView.swift in Sources */,
				6874037126CF9AE200C44AB4 /* BottomSheetView.swift in Sources */,
				684A4D4D26FC8F3600BA61A0 /* BottomSheetTestView.swift in Sources */,
				68ACF9D326AB341400929157 /* ViewModifierView.swift in Sources */,
				686D682126F1FC82008F36D5 /* ShimmeringView.swift in Sources */,
				685FBA42298C61A80064F914 /* DataFlowTestView.swift in Sources */,
				68F7D334273ABAC90058BF98 /* NavigationLinkTestView.swift in Sources */,
				686D681F26F1F935008F36D5 /* ImageLoader.swift in Sources */,
				6837FC53274C05F20076A14D /* JsonVIewModel.swift in Sources */,
				6806132C26D4F77200944E1E /* Alert+TextField.swift in Sources */,
				6806132626D4D8F700944E1E /* WebView+Safari.swift in Sources */,
				6874866D278CA6D100DCAFEF /* CarouselView.swift in Sources */,
				683ABFDB26B925A200779E5B /* AlertViewTextView.swift in Sources */,
				6806132826D4DD8100944E1E /* WebView+WebKit.swift in Sources */,
				68372DE226B45AE2003B313A /* FontTestView.swift in Sources */,
				68FF7C2B26E10E2400ED28E6 /* CombineTestView.swift in Sources */,
				6890DE5726AF0D510047449C /* ListViewTestView.swift in Sources */,
				683678E1271B4578005433B0 /* NavigationView+View.swift in Sources */,
				6806132026D4A4E700944E1E /* RefreshListViewTest.swift in Sources */,
				6837FC51274C05CC0076A14D /* JsonView.swift in Sources */,
				68372E1926B469A3003B313A /* Font+Custom.swift in Sources */,
				68149CDF2772165800CAEDA1 /* ColorExtension.swift in Sources */,
				68149CE427722A2B00CAEDA1 /* SegmentPickerTestView.swift in Sources */,
			);
			runOnlyForDeploymentPostprocessing = 0;
		};
		6822CA3E25FE5CE100120D13 /* Sources */ = {
			isa = PBXSourcesBuildPhase;
			buildActionMask = 2147483647;
			files = (
				6822CA4725FE5CE100120D13 /* SwiftUIDemoTests.swift in Sources */,
			);
			runOnlyForDeploymentPostprocessing = 0;
		};
		6822CA4925FE5CE100120D13 /* Sources */ = {
			isa = PBXSourcesBuildPhase;
			buildActionMask = 2147483647;
			files = (
				6822CA5225FE5CE100120D13 /* SwiftUIDemoUITests.swift in Sources */,
			);
			runOnlyForDeploymentPostprocessing = 0;
		};
/* End PBXSourcesBuildPhase section */

/* Begin PBXTargetDependency section */
		6822CA4425FE5CE100120D13 /* PBXTargetDependency */ = {
			isa = PBXTargetDependency;
			target = 6822CA3025FE5CE000120D13 /* SwiftUIDemo */;
			targetProxy = 6822CA4325FE5CE100120D13 /* PBXContainerItemProxy */;
		};
		6822CA4F25FE5CE100120D13 /* PBXTargetDependency */ = {
			isa = PBXTargetDependency;
			target = 6822CA3025FE5CE000120D13 /* SwiftUIDemo */;
			targetProxy = 6822CA4E25FE5CE100120D13 /* PBXContainerItemProxy */;
		};
/* End PBXTargetDependency section */

/* Begin XCBuildConfiguration section */
		6822CA5425FE5CE100120D13 /* Debug */ = {
			isa = XCBuildConfiguration;
			buildSettings = {
				ALWAYS_SEARCH_USER_PATHS = NO;
				CLANG_ANALYZER_NONNULL = YES;
				CLANG_ANALYZER_NUMBER_OBJECT_CONVERSION = YES_AGGRESSIVE;
				CLANG_CXX_LANGUAGE_STANDARD = "gnu++14";
				CLANG_CXX_LIBRARY = "libc++";
				CLANG_ENABLE_MODULES = YES;
				CLANG_ENABLE_OBJC_ARC = YES;
				CLANG_ENABLE_OBJC_WEAK = YES;
				CLANG_WARN_BLOCK_CAPTURE_AUTORELEASING = YES;
				CLANG_WARN_BOOL_CONVERSION = YES;
				CLANG_WARN_COMMA = YES;
				CLANG_WARN_CONSTANT_CONVERSION = YES;
				CLANG_WARN_DEPRECATED_OBJC_IMPLEMENTATIONS = YES;
				CLANG_WARN_DIRECT_OBJC_ISA_USAGE = YES_ERROR;
				CLANG_WARN_DOCUMENTATION_COMMENTS = YES;
				CLANG_WARN_EMPTY_BODY = YES;
				CLANG_WARN_ENUM_CONVERSION = YES;
				CLANG_WARN_INFINITE_RECURSION = YES;
				CLANG_WARN_INT_CONVERSION = YES;
				CLANG_WARN_NON_LITERAL_NULL_CONVERSION = YES;
				CLANG_WARN_OBJC_IMPLICIT_RETAIN_SELF = YES;
				CLANG_WARN_OBJC_LITERAL_CONVERSION = YES;
				CLANG_WARN_OBJC_ROOT_CLASS = YES_ERROR;
				CLANG_WARN_QUOTED_INCLUDE_IN_FRAMEWORK_HEADER = YES;
				CLANG_WARN_RANGE_LOOP_ANALYSIS = YES;
				CLANG_WARN_STRICT_PROTOTYPES = YES;
				CLANG_WARN_SUSPICIOUS_MOVE = YES;
				CLANG_WARN_UNGUARDED_AVAILABILITY = YES_AGGRESSIVE;
				CLANG_WARN_UNREACHABLE_CODE = YES;
				CLANG_WARN__DUPLICATE_METHOD_MATCH = YES;
				COPY_PHASE_STRIP = NO;
				DEBUG_INFORMATION_FORMAT = dwarf;
				ENABLE_STRICT_OBJC_MSGSEND = YES;
				ENABLE_TESTABILITY = YES;
				GCC_C_LANGUAGE_STANDARD = gnu11;
				GCC_DYNAMIC_NO_PIC = NO;
				GCC_NO_COMMON_BLOCKS = YES;
				GCC_OPTIMIZATION_LEVEL = 0;
				GCC_PREPROCESSOR_DEFINITIONS = (
					"DEBUG=1",
					"$(inherited)",
				);
				GCC_WARN_64_TO_32_BIT_CONVERSION = YES;
				GCC_WARN_ABOUT_RETURN_TYPE = YES_ERROR;
				GCC_WARN_UNDECLARED_SELECTOR = YES;
				GCC_WARN_UNINITIALIZED_AUTOS = YES_AGGRESSIVE;
				GCC_WARN_UNUSED_FUNCTION = YES;
				GCC_WARN_UNUSED_VARIABLE = YES;
				IPHONEOS_DEPLOYMENT_TARGET = 14.6;
				MTL_ENABLE_DEBUG_INFO = INCLUDE_SOURCE;
				MTL_FAST_MATH = YES;
				ONLY_ACTIVE_ARCH = YES;
				SDKROOT = iphoneos;
				SWIFT_ACTIVE_COMPILATION_CONDITIONS = DEBUG;
				SWIFT_OPTIMIZATION_LEVEL = "-Onone";
			};
			name = Debug;
		};
		6822CA5525FE5CE100120D13 /* Release */ = {
			isa = XCBuildConfiguration;
			buildSettings = {
				ALWAYS_SEARCH_USER_PATHS = NO;
				CLANG_ANALYZER_NONNULL = YES;
				CLANG_ANALYZER_NUMBER_OBJECT_CONVERSION = YES_AGGRESSIVE;
				CLANG_CXX_LANGUAGE_STANDARD = "gnu++14";
				CLANG_CXX_LIBRARY = "libc++";
				CLANG_ENABLE_MODULES = YES;
				CLANG_ENABLE_OBJC_ARC = YES;
				CLANG_ENABLE_OBJC_WEAK = YES;
				CLANG_WARN_BLOCK_CAPTURE_AUTORELEASING = YES;
				CLANG_WARN_BOOL_CONVERSION = YES;
				CLANG_WARN_COMMA = YES;
				CLANG_WARN_CONSTANT_CONVERSION = YES;
				CLANG_WARN_DEPRECATED_OBJC_IMPLEMENTATIONS = YES;
				CLANG_WARN_DIRECT_OBJC_ISA_USAGE = YES_ERROR;
				CLANG_WARN_DOCUMENTATION_COMMENTS = YES;
				CLANG_WARN_EMPTY_BODY = YES;
				CLANG_WARN_ENUM_CONVERSION = YES;
				CLANG_WARN_INFINITE_RECURSION = YES;
				CLANG_WARN_INT_CONVERSION = YES;
				CLANG_WARN_NON_LITERAL_NULL_CONVERSION = YES;
				CLANG_WARN_OBJC_IMPLICIT_RETAIN_SELF = YES;
				CLANG_WARN_OBJC_LITERAL_CONVERSION = YES;
				CLANG_WARN_OBJC_ROOT_CLASS = YES_ERROR;
				CLANG_WARN_QUOTED_INCLUDE_IN_FRAMEWORK_HEADER = YES;
				CLANG_WARN_RANGE_LOOP_ANALYSIS = YES;
				CLANG_WARN_STRICT_PROTOTYPES = YES;
				CLANG_WARN_SUSPICIOUS_MOVE = YES;
				CLANG_WARN_UNGUARDED_AVAILABILITY = YES_AGGRESSIVE;
				CLANG_WARN_UNREACHABLE_CODE = YES;
				CLANG_WARN__DUPLICATE_METHOD_MATCH = YES;
				COPY_PHASE_STRIP = NO;
				DEBUG_INFORMATION_FORMAT = "dwarf-with-dsym";
				ENABLE_NS_ASSERTIONS = NO;
				ENABLE_STRICT_OBJC_MSGSEND = YES;
				GCC_C_LANGUAGE_STANDARD = gnu11;
				GCC_NO_COMMON_BLOCKS = YES;
				GCC_WARN_64_TO_32_BIT_CONVERSION = YES;
				GCC_WARN_ABOUT_RETURN_TYPE = YES_ERROR;
				GCC_WARN_UNDECLARED_SELECTOR = YES;
				GCC_WARN_UNINITIALIZED_AUTOS = YES_AGGRESSIVE;
				GCC_WARN_UNUSED_FUNCTION = YES;
				GCC_WARN_UNUSED_VARIABLE = YES;
				IPHONEOS_DEPLOYMENT_TARGET = 14.6;
				MTL_ENABLE_DEBUG_INFO = NO;
				MTL_FAST_MATH = YES;
				SDKROOT = iphoneos;
				SWIFT_COMPILATION_MODE = wholemodule;
				SWIFT_OPTIMIZATION_LEVEL = "-O";
				VALIDATE_PRODUCT = YES;
			};
			name = Release;
		};
		6822CA5725FE5CE100120D13 /* Debug */ = {
			isa = XCBuildConfiguration;
			buildSettings = {
				ASSETCATALOG_COMPILER_APPICON_NAME = AppIcon;
				ASSETCATALOG_COMPILER_GLOBAL_ACCENT_COLOR_NAME = AccentColor;
				CODE_SIGN_STYLE = Automatic;
				DEVELOPMENT_ASSET_PATHS = "\"SwiftUIDemo/Preview Content\"";
				DEVELOPMENT_TEAM = SH989XXM7S;
				ENABLE_PREVIEWS = YES;
				INFOPLIST_FILE = SwiftUIDemo/Info.plist;
				IPHONEOS_DEPLOYMENT_TARGET = 14.0;
				LD_RUNPATH_SEARCH_PATHS = (
					"$(inherited)",
					"@executable_path/Frameworks",
				);
				PRODUCT_BUNDLE_IDENTIFIER = com.k2hoon.SwiftUIDemo;
				PRODUCT_NAME = "$(TARGET_NAME)";
				SUPPORTED_PLATFORMS = "iphonesimulator iphoneos";
				SWIFT_VERSION = 5.0;
				TARGETED_DEVICE_FAMILY = "1,2";
			};
			name = Debug;
		};
		6822CA5825FE5CE100120D13 /* Release */ = {
			isa = XCBuildConfiguration;
			buildSettings = {
				ASSETCATALOG_COMPILER_APPICON_NAME = AppIcon;
				ASSETCATALOG_COMPILER_GLOBAL_ACCENT_COLOR_NAME = AccentColor;
				CODE_SIGN_STYLE = Automatic;
				DEVELOPMENT_ASSET_PATHS = "\"SwiftUIDemo/Preview Content\"";
				DEVELOPMENT_TEAM = SH989XXM7S;
				ENABLE_PREVIEWS = YES;
				INFOPLIST_FILE = SwiftUIDemo/Info.plist;
				IPHONEOS_DEPLOYMENT_TARGET = 14.0;
				LD_RUNPATH_SEARCH_PATHS = (
					"$(inherited)",
					"@executable_path/Frameworks",
				);
				PRODUCT_BUNDLE_IDENTIFIER = com.k2hoon.SwiftUIDemo;
				PRODUCT_NAME = "$(TARGET_NAME)";
				SUPPORTED_PLATFORMS = "iphonesimulator iphoneos";
				SWIFT_VERSION = 5.0;
				TARGETED_DEVICE_FAMILY = "1,2";
			};
			name = Release;
		};
		6822CA5A25FE5CE100120D13 /* Debug */ = {
			isa = XCBuildConfiguration;
			buildSettings = {
				ALWAYS_EMBED_SWIFT_STANDARD_LIBRARIES = YES;
				BUNDLE_LOADER = "$(TEST_HOST)";
				CODE_SIGN_STYLE = Automatic;
				INFOPLIST_FILE = SwiftUIDemoTests/Info.plist;
				IPHONEOS_DEPLOYMENT_TARGET = 14.0;
				LD_RUNPATH_SEARCH_PATHS = (
					"$(inherited)",
					"@executable_path/Frameworks",
					"@loader_path/Frameworks",
				);
				PRODUCT_BUNDLE_IDENTIFIER = com.k2hoon.SwiftUIDemoTests;
				PRODUCT_NAME = "$(TARGET_NAME)";
				SWIFT_VERSION = 5.0;
				TARGETED_DEVICE_FAMILY = "1,2";
				TEST_HOST = "$(BUILT_PRODUCTS_DIR)/SwiftUIDemo.app/SwiftUIDemo";
			};
			name = Debug;
		};
		6822CA5B25FE5CE100120D13 /* Release */ = {
			isa = XCBuildConfiguration;
			buildSettings = {
				ALWAYS_EMBED_SWIFT_STANDARD_LIBRARIES = YES;
				BUNDLE_LOADER = "$(TEST_HOST)";
				CODE_SIGN_STYLE = Automatic;
				INFOPLIST_FILE = SwiftUIDemoTests/Info.plist;
				IPHONEOS_DEPLOYMENT_TARGET = 14.0;
				LD_RUNPATH_SEARCH_PATHS = (
					"$(inherited)",
					"@executable_path/Frameworks",
					"@loader_path/Frameworks",
				);
				PRODUCT_BUNDLE_IDENTIFIER = com.k2hoon.SwiftUIDemoTests;
				PRODUCT_NAME = "$(TARGET_NAME)";
				SWIFT_VERSION = 5.0;
				TARGETED_DEVICE_FAMILY = "1,2";
				TEST_HOST = "$(BUILT_PRODUCTS_DIR)/SwiftUIDemo.app/SwiftUIDemo";
			};
			name = Release;
		};
		6822CA5D25FE5CE100120D13 /* Debug */ = {
			isa = XCBuildConfiguration;
			buildSettings = {
				ALWAYS_EMBED_SWIFT_STANDARD_LIBRARIES = YES;
				CODE_SIGN_STYLE = Automatic;
				INFOPLIST_FILE = SwiftUIDemoUITests/Info.plist;
				LD_RUNPATH_SEARCH_PATHS = (
					"$(inherited)",
					"@executable_path/Frameworks",
					"@loader_path/Frameworks",
				);
				PRODUCT_BUNDLE_IDENTIFIER = com.k2hoon.SwiftUIDemoUITests;
				PRODUCT_NAME = "$(TARGET_NAME)";
				SWIFT_VERSION = 5.0;
				TARGETED_DEVICE_FAMILY = "1,2";
				TEST_TARGET_NAME = SwiftUIDemo;
			};
			name = Debug;
		};
		6822CA5E25FE5CE100120D13 /* Release */ = {
			isa = XCBuildConfiguration;
			buildSettings = {
				ALWAYS_EMBED_SWIFT_STANDARD_LIBRARIES = YES;
				CODE_SIGN_STYLE = Automatic;
				INFOPLIST_FILE = SwiftUIDemoUITests/Info.plist;
				LD_RUNPATH_SEARCH_PATHS = (
					"$(inherited)",
					"@executable_path/Frameworks",
					"@loader_path/Frameworks",
				);
				PRODUCT_BUNDLE_IDENTIFIER = com.k2hoon.SwiftUIDemoUITests;
				PRODUCT_NAME = "$(TARGET_NAME)";
				SWIFT_VERSION = 5.0;
				TARGETED_DEVICE_FAMILY = "1,2";
				TEST_TARGET_NAME = SwiftUIDemo;
			};
			name = Release;
		};
/* End XCBuildConfiguration section */

/* Begin XCConfigurationList section */
		6822CA2C25FE5CE000120D13 /* Build configuration list for PBXProject "SwiftUIDemo" */ = {
			isa = XCConfigurationList;
			buildConfigurations = (
				6822CA5425FE5CE100120D13 /* Debug */,
				6822CA5525FE5CE100120D13 /* Release */,
			);
			defaultConfigurationIsVisible = 0;
			defaultConfigurationName = Release;
		};
		6822CA5625FE5CE100120D13 /* Build configuration list for PBXNativeTarget "SwiftUIDemo" */ = {
			isa = XCConfigurationList;
			buildConfigurations = (
				6822CA5725FE5CE100120D13 /* Debug */,
				6822CA5825FE5CE100120D13 /* Release */,
			);
			defaultConfigurationIsVisible = 0;
			defaultConfigurationName = Release;
		};
		6822CA5925FE5CE100120D13 /* Build configuration list for PBXNativeTarget "SwiftUIDemoTests" */ = {
			isa = XCConfigurationList;
			buildConfigurations = (
				6822CA5A25FE5CE100120D13 /* Debug */,
				6822CA5B25FE5CE100120D13 /* Release */,
			);
			defaultConfigurationIsVisible = 0;
			defaultConfigurationName = Release;
		};
		6822CA5C25FE5CE100120D13 /* Build configuration list for PBXNativeTarget "SwiftUIDemoUITests" */ = {
			isa = XCConfigurationList;
			buildConfigurations = (
				6822CA5D25FE5CE100120D13 /* Debug */,
				6822CA5E25FE5CE100120D13 /* Release */,
			);
			defaultConfigurationIsVisible = 0;
			defaultConfigurationName = Release;
		};
/* End XCConfigurationList section */

/* Begin XCVersionGroup section */
		686437C0297083B300FA4C31 /* CoreDataTest.xcdatamodeld */ = {
			isa = XCVersionGroup;
			children = (
				686437C1297083B300FA4C31 /* CoreDataTest.xcdatamodel */,
			);
			currentVersion = 686437C1297083B300FA4C31 /* CoreDataTest.xcdatamodel */;
			path = CoreDataTest.xcdatamodeld;
			sourceTree = "<group>";
			versionGroupType = wrapper.xcdatamodel;
		};
/* End XCVersionGroup section */
	};
	rootObject = 6822CA2925FE5CE000120D13 /* Project object */;
}
